
Microsoft Visual Studio Solution File, Format Version 12.00
# Visual Studio Version 17
VisualStudioVersion = 17.10.35122.118
MinimumVisualStudioVersion = 10.0.40219.1
Project("{9A19103F-16F7-4668-BE54-9A1E7A4F7556}") = "PersonalFinanceTracker.API", "Personal Finance Tracker\PersonalFinanceTracker.API.csproj", "{708C5B90-DBFB-4DA4-8CD6-27DB6CEBC824}"
EndProject
Project("{9A19103F-16F7-4668-BE54-9A1E7A4F7556}") = "PersonalFinanceTracker.Core", "PersonalFinanceTracker.Core\PersonalFinanceTracker.Core.csproj", "{FC5DE313-2605-4640-A60E-E8AB7819EAD4}"
EndProject
Project("{9A19103F-16F7-4668-BE54-9A1E7A4F7556}") = "PersonalFinanceTracker.Infrastructure", "PersonalFinanceTracker.Infrastructure\PersonalFinanceTracker.Infrastructure.csproj", "{F5D1BA74-94FE-4B75-BB30-8AED133702A2}"
EndProject
Project("{FAE04EC0-301F-11D3-BF4B-00C04F79EFBC}") = "PersonalFinanceTracker.Tests", "PersonalFinanceTracker.Tests\PersonalFinanceTracker.Tests.csproj", "{A856EA42-287D-4113-84DD-0F965D8E778B}"
EndProject
Project("{FAE04EC0-301F-11D3-BF4B-00C04F79EFBC}") = "PersonalFinanceTracker.UI", "PersonalFinanceTracker.UI\PersonalFinanceTracker.UI.csproj", "{1A771E1E-D328-4EB1-9EF8-1E825491A31A}"
EndProject
Global
	GlobalSection(SolutionConfigurationPlatforms) = preSolution
		Debug|Any CPU = Debug|Any CPU
		Release|Any CPU = Release|Any CPU
	EndGlobalSection
	GlobalSection(ProjectConfigurationPlatforms) = postSolution
		{708C5B90-DBFB-4DA4-8CD6-27DB6CEBC824}.Debug|Any CPU.ActiveCfg = Debug|Any CPU
		{708C5B90-DBFB-4DA4-8CD6-27DB6CEBC824}.Debug|Any CPU.Build.0 = Debug|Any CPU
		{708C5B90-DBFB-4DA4-8CD6-27DB6CEBC824}.Release|Any CPU.ActiveCfg = Release|Any CPU
		{708C5B90-DBFB-4DA4-8CD6-27DB6CEBC824}.Release|Any CPU.Build.0 = Release|Any CPU
		{FC5DE313-2605-4640-A60E-E8AB7819EAD4}.Debug|Any CPU.ActiveCfg = Debug|Any CPU
		{FC5DE313-2605-4640-A60E-E8AB7819EAD4}.Debug|Any CPU.Build.0 = Debug|Any CPU
		{FC5DE313-2605-4640-A60E-E8AB7819EAD4}.Release|Any CPU.ActiveCfg = Release|Any CPU
		{FC5DE313-2605-4640-A60E-E8AB7819EAD4}.Release|Any CPU.Build.0 = Release|Any CPU
		{F5D1BA74-94FE-4B75-BB30-8AED133702A2}.Debug|Any CPU.ActiveCfg = Debug|Any CPU
		{F5D1BA74-94FE-4B75-BB30-8AED133702A2}.Debug|Any CPU.Build.0 = Debug|Any CPU
		{F5D1BA74-94FE-4B75-BB30-8AED133702A2}.Release|Any CPU.ActiveCfg = Release|Any CPU
		{F5D1BA74-94FE-4B75-BB30-8AED133702A2}.Release|Any CPU.Build.0 = Release|Any CPU
		{A856EA42-287D-4113-84DD-0F965D8E778B}.Debug|Any CPU.ActiveCfg = Debug|Any CPU
		{A856EA42-287D-4113-84DD-0F965D8E778B}.Debug|Any CPU.Build.0 = Debug|Any CPU
		{A856EA42-287D-4113-84DD-0F965D8E778B}.Release|Any CPU.ActiveCfg = Release|Any CPU
		{A856EA42-287D-4113-84DD-0F965D8E778B}.Release|Any CPU.Build.0 = Release|Any CPU
		{1A771E1E-D328-4EB1-9EF8-1E825491A31A}.Debug|Any CPU.ActiveCfg = Debug|Any CPU
		{1A771E1E-D328-4EB1-9EF8-1E825491A31A}.Debug|Any CPU.Build.0 = Debug|Any CPU
		{1A771E1E-D328-4EB1-9EF8-1E825491A31A}.Release|Any CPU.ActiveCfg = Release|Any CPU
		{1A771E1E-D328-4EB1-9EF8-1E825491A31A}.Release|Any CPU.Build.0 = Release|Any CPU
	EndGlobalSection
	GlobalSection(SolutionProperties) = preSolution
		HideSolutionNode = FALSE
	EndGlobalSection
	GlobalSection(ExtensibilityGlobals) = postSolution
		SolutionGuid = {9812FA12-64EE-48E5-A59A-4417A9551FD6}
	EndGlobalSection
EndGlobal
